
Microsoft Visual Studio Solution File, Format Version 11.00
# Visual Studio 2010
Project("{FAE04EC0-301F-11D3-BF4B-00C04F79EFBC}") = "Big McGreed", "Big McGreed\Big McGreed\Big McGreed.csproj", "{6A0442AA-2CBB-4059-AC83-793FEB49ED66}"
EndProject
Project("{FAE04EC0-301F-11D3-BF4B-00C04F79EFBC}") = "Big McGreedContent", "Big McGreed\Big McGreedContent\Big McGreedContent.contentproj", "{274EADB7-0034-4222-9570-804ACFB19A9F}"
EndProject
Global
	GlobalSection(SolutionConfigurationPlatforms) = preSolution
		Debug|Any CPU = Debug|Any CPU
		Debug|x86 = Debug|x86
		Profile|Any CPU = Profile|Any CPU
		Profile|x86 = Profile|x86
		Release|Any CPU = Release|Any CPU
		Release|x86 = Release|x86
	EndGlobalSection
	GlobalSection(ProjectConfigurationPlatforms) = postSolution
		{6A0442AA-2CBB-4059-AC83-793FEB49ED66}.Debug|Any CPU.ActiveCfg = Debug|x86
		{6A0442AA-2CBB-4059-AC83-793FEB49ED66}.Debug|x86.ActiveCfg = Debug|x86
		{6A0442AA-2CBB-4059-AC83-793FEB49ED66}.Debug|x86.Build.0 = Debug|x86
		{6A0442AA-2CBB-4059-AC83-793FEB49ED66}.Profile|Any CPU.ActiveCfg = Release|x86
		{6A0442AA-2CBB-4059-AC83-793FEB49ED66}.Profile|x86.ActiveCfg = Release|x86
		{6A0442AA-2CBB-4059-AC83-793FEB49ED66}.Profile|x86.Build.0 = Release|x86
		{6A0442AA-2CBB-4059-AC83-793FEB49ED66}.Release|Any CPU.ActiveCfg = Release|x86
		{6A0442AA-2CBB-4059-AC83-793FEB49ED66}.Release|x86.ActiveCfg = Release|x86
		{6A0442AA-2CBB-4059-AC83-793FEB49ED66}.Release|x86.Build.0 = Release|x86
		{274EADB7-0034-4222-9570-804ACFB19A9F}.Debug|Any CPU.ActiveCfg = Debug|x86
		{274EADB7-0034-4222-9570-804ACFB19A9F}.Debug|x86.ActiveCfg = Debug|x86
		{274EADB7-0034-4222-9570-804ACFB19A9F}.Profile|Any CPU.ActiveCfg = Release|x86
		{274EADB7-0034-4222-9570-804ACFB19A9F}.Profile|x86.ActiveCfg = Release|x86
		{274EADB7-0034-4222-9570-804ACFB19A9F}.Release|Any CPU.ActiveCfg = Release|x86
		{274EADB7-0034-4222-9570-804ACFB19A9F}.Release|x86.ActiveCfg = Release|x86
	EndGlobalSection
	GlobalSection(SolutionProperties) = preSolution
		HideSolutionNode = FALSE
	EndGlobalSection
EndGlobal
